
Microsoft Visual Studio Solution File, Format Version 12.00
# Visual Studio Version 17
VisualStudioVersion = 17.9.34723.18
MinimumVisualStudioVersion = 10.0.40219.1
Project("{9A19103F-16F7-4668-BE54-9A1E7A4F7556}") = "NetCoreWebApiTareas", "NetCoreWebApiTareas.csproj", "{199A8D79-0D91-4D0C-B87C-0E46E7C0FD14}"
EndProject
Project("{9A19103F-16F7-4668-BE54-9A1E7A4F7556}") = "BlazorTareas", "..\BlazorTareas\BlazorTareas.csproj", "{7F664BDB-3B85-48D4-9B07-7402C55D94A4}"
EndProject
Global
	GlobalSection(SolutionConfigurationPlatforms) = preSolution
		Debug|Any CPU = Debug|Any CPU
		Release|Any CPU = Release|Any CPU
	EndGlobalSection
	GlobalSection(ProjectConfigurationPlatforms) = postSolution
		{199A8D79-0D91-4D0C-B87C-0E46E7C0FD14}.Debug|Any CPU.ActiveCfg = Debug|Any CPU
		{199A8D79-0D91-4D0C-B87C-0E46E7C0FD14}.Debug|Any CPU.Build.0 = Debug|Any CPU
		{199A8D79-0D91-4D0C-B87C-0E46E7C0FD14}.Release|Any CPU.ActiveCfg = Release|Any CPU
		{199A8D79-0D91-4D0C-B87C-0E46E7C0FD14}.Release|Any CPU.Build.0 = Release|Any CPU
		{7F664BDB-3B85-48D4-9B07-7402C55D94A4}.Debug|Any CPU.ActiveCfg = Debug|Any CPU
		{7F664BDB-3B85-48D4-9B07-7402C55D94A4}.Debug|Any CPU.Build.0 = Debug|Any CPU
		{7F664BDB-3B85-48D4-9B07-7402C55D94A4}.Release|Any CPU.ActiveCfg = Release|Any CPU
		{7F664BDB-3B85-48D4-9B07-7402C55D94A4}.Release|Any CPU.Build.0 = Release|Any CPU
	EndGlobalSection
	GlobalSection(SolutionProperties) = preSolution
		HideSolutionNode = FALSE
	EndGlobalSection
	GlobalSection(ExtensibilityGlobals) = postSolution
		SolutionGuid = {E827B5DC-F16C-4A09-9AEC-40BFF6BF7F14}
	EndGlobalSection
EndGlobal
